// !$*UTF8*$!
{
	archiveVersion = 1;
	classes = {
	};
	objectVersion = 46;
	objects = {

/* Begin PBXBuildFile section */
		9CFD6DBB1B34653B00C8F16D /* AppDelegate.swift in Sources */ = {isa = PBXBuildFile; fileRef = 9CFD6DBA1B34653B00C8F16D /* AppDelegate.swift */; };
		9CFD6DBD1B34653B00C8F16D /* RecordSoundsViewController.swift in Sources */ = {isa = PBXBuildFile; fileRef = 9CFD6DBC1B34653B00C8F16D /* RecordSoundsViewController.swift */; };
		9CFD6DC01B34653B00C8F16D /* Main.storyboard in Resources */ = {isa = PBXBuildFile; fileRef = 9CFD6DBE1B34653B00C8F16D /* Main.storyboard */; };
		9CFD6DC21B34653B00C8F16D /* Images.xcassets in Resources */ = {isa = PBXBuildFile; fileRef = 9CFD6DC11B34653B00C8F16D /* Images.xcassets */; };
		9CFD6DC51B34653B00C8F16D /* LaunchScreen.xib in Resources */ = {isa = PBXBuildFile; fileRef = 9CFD6DC31B34653B00C8F16D /* LaunchScreen.xib */; };
		9CFD6DD11B34653B00C8F16D /* Pitch_PerfectTests.swift in Sources */ = {isa = PBXBuildFile; fileRef = 9CFD6DD01B34653B00C8F16D /* Pitch_PerfectTests.swift */; };
		9CFD6DDB1B384CA000C8F16D /* PlaySoundsViewController.swift in Sources */ = {isa = PBXBuildFile; fileRef = 9CFD6DDA1B384CA000C8F16D /* PlaySoundsViewController.swift */; };
		9CFD6DDF1B396CF500C8F16D /* RecordedAudio.swift in Sources */ = {isa = PBXBuildFile; fileRef = 9CFD6DDE1B396CF500C8F16D /* RecordedAudio.swift */; };
/* End PBXBuildFile section */

/* Begin PBXContainerItemProxy section */
		9CFD6DCB1B34653B00C8F16D /* PBXContainerItemProxy */ = {
			isa = PBXContainerItemProxy;
			containerPortal = 9CFD6DAD1B34653B00C8F16D /* Project object */;
			proxyType = 1;
			remoteGlobalIDString = 9CFD6DB41B34653B00C8F16D;
			remoteInfo = "Pitch Perfect";
		};
/* End PBXContainerItemProxy section */

/* Begin PBXFileReference section */
		9CFD6DB51B34653B00C8F16D /* Pitch Perfect.app */ = {isa = PBXFileReference; explicitFileType = wrapper.application; includeInIndex = 0; path = "Pitch Perfect.app"; sourceTree = BUILT_PRODUCTS_DIR; };
		9CFD6DB91B34653B00C8F16D /* Info.plist */ = {isa = PBXFileReference; lastKnownFileType = text.plist.xml; path = Info.plist; sourceTree = "<group>"; };
		9CFD6DBA1B34653B00C8F16D /* AppDelegate.swift */ = {isa = PBXFileReference; lastKnownFileType = sourcecode.swift; path = AppDelegate.swift; sourceTree = "<group>"; };
		9CFD6DBC1B34653B00C8F16D /* RecordSoundsViewController.swift */ = {isa = PBXFileReference; lastKnownFileType = sourcecode.swift; path = RecordSoundsViewController.swift; sourceTree = "<group>"; };
		9CFD6DBF1B34653B00C8F16D /* Base */ = {isa = PBXFileReference; lastKnownFileType = file.storyboard; name = Base; path = Base.lproj/Main.storyboard; sourceTree = "<group>"; };
		9CFD6DC11B34653B00C8F16D /* Images.xcassets */ = {isa = PBXFileReference; lastKnownFileType = folder.assetcatalog; path = Images.xcassets; sourceTree = "<group>"; };
		9CFD6DC41B34653B00C8F16D /* Base */ = {isa = PBXFileReference; lastKnownFileType = file.xib; name = Base; path = Base.lproj/LaunchScreen.xib; sourceTree = "<group>"; };
		9CFD6DCA1B34653B00C8F16D /* Pitch PerfectTests.xctest */ = {isa = PBXFileReference; explicitFileType = wrapper.cfbundle; includeInIndex = 0; path = "Pitch PerfectTests.xctest"; sourceTree = BUILT_PRODUCTS_DIR; };
		9CFD6DCF1B34653B00C8F16D /* Info.plist */ = {isa = PBXFileReference; lastKnownFileType = text.plist.xml; path = Info.plist; sourceTree = "<group>"; };
		9CFD6DD01B34653B00C8F16D /* Pitch_PerfectTests.swift */ = {isa = PBXFileReference; lastKnownFileType = sourcecode.swift; path = Pitch_PerfectTests.swift; sourceTree = "<group>"; };
		9CFD6DDA1B384CA000C8F16D /* PlaySoundsViewController.swift */ = {isa = PBXFileReference; fileEncoding = 4; lastKnownFileType = sourcecode.swift; path = PlaySoundsViewController.swift; sourceTree = "<group>"; };
		9CFD6DDE1B396CF500C8F16D /* RecordedAudio.swift */ = {isa = PBXFileReference; fileEncoding = 4; lastKnownFileType = sourcecode.swift; path = RecordedAudio.swift; sourceTree = "<group>"; };
/* End PBXFileReference section */

/* Begin PBXFrameworksBuildPhase section */
		9CFD6DB21B34653B00C8F16D /* Frameworks */ = {
			isa = PBXFrameworksBuildPhase;
			buildActionMask = 2147483647;
			files = (
			);
			runOnlyForDeploymentPostprocessing = 0;
		};
		9CFD6DC71B34653B00C8F16D /* Frameworks */ = {
			isa = PBXFrameworksBuildPhase;
			buildActionMask = 2147483647;
			files = (
			);
			runOnlyForDeploymentPostprocessing = 0;
		};
/* End PBXFrameworksBuildPhase section */

/* Begin PBXGroup section */
		9CFD6DAC1B34653B00C8F16D = {
			isa = PBXGroup;
			children = (
				9CFD6DB71B34653B00C8F16D /* Pitch Perfect */,
				9CFD6DCD1B34653B00C8F16D /* Pitch PerfectTests */,
				9CFD6DB61B34653B00C8F16D /* Products */,
			);
			sourceTree = "<group>";
		};
		9CFD6DB61B34653B00C8F16D /* Products */ = {
			isa = PBXGroup;
			children = (
				9CFD6DB51B34653B00C8F16D /* Pitch Perfect.app */,
				9CFD6DCA1B34653B00C8F16D /* Pitch PerfectTests.xctest */,
			);
			name = Products;
			sourceTree = "<group>";
		};
		9CFD6DB71B34653B00C8F16D /* Pitch Perfect */ = {
			isa = PBXGroup;
			children = (
				9CFD6DBA1B34653B00C8F16D /* AppDelegate.swift */,
				9CFD6DBC1B34653B00C8F16D /* RecordSoundsViewController.swift */,
				9CFD6DDE1B396CF500C8F16D /* RecordedAudio.swift */,
				9CFD6DBE1B34653B00C8F16D /* Main.storyboard */,
				9CFD6DDA1B384CA000C8F16D /* PlaySoundsViewController.swift */,
				9CFD6DC11B34653B00C8F16D /* Images.xcassets */,
				9CFD6DC31B34653B00C8F16D /* LaunchScreen.xib */,
				9CFD6DB81B34653B00C8F16D /* Supporting Files */,
			);
			path = "Pitch Perfect";
			sourceTree = "<group>";
		};
		9CFD6DB81B34653B00C8F16D /* Supporting Files */ = {
			isa = PBXGroup;
			children = (
				9CFD6DB91B34653B00C8F16D /* Info.plist */,
			);
			name = "Supporting Files";
			sourceTree = "<group>";
		};
		9CFD6DCD1B34653B00C8F16D /* Pitch PerfectTests */ = {
			isa = PBXGroup;
			children = (
				9CFD6DD01B34653B00C8F16D /* Pitch_PerfectTests.swift */,
				9CFD6DCE1B34653B00C8F16D /* Supporting Files */,
			);
			path = "Pitch PerfectTests";
			sourceTree = "<group>";
		};
		9CFD6DCE1B34653B00C8F16D /* Supporting Files */ = {
			isa = PBXGroup;
			children = (
				9CFD6DCF1B34653B00C8F16D /* Info.plist */,
			);
			name = "Supporting Files";
			sourceTree = "<group>";
		};
/* End PBXGroup section */

/* Begin PBXNativeTarget section */
		9CFD6DB41B34653B00C8F16D /* Pitch Perfect */ = {
			isa = PBXNativeTarget;
			buildConfigurationList = 9CFD6DD41B34653B00C8F16D /* Build configuration list for PBXNativeTarget "Pitch Perfect" */;
			buildPhases = (
				9CFD6DB11B34653B00C8F16D /* Sources */,
				9CFD6DB21B34653B00C8F16D /* Frameworks */,
				9CFD6DB31B34653B00C8F16D /* Resources */,
			);
			buildRules = (
			);
			dependencies = (
			);
			name = "Pitch Perfect";
			productName = "Pitch Perfect";
			productReference = 9CFD6DB51B34653B00C8F16D /* Pitch Perfect.app */;
			productType = "com.apple.product-type.application";
		};
		9CFD6DC91B34653B00C8F16D /* Pitch PerfectTests */ = {
			isa = PBXNativeTarget;
			buildConfigurationList = 9CFD6DD71B34653B00C8F16D /* Build configuration list for PBXNativeTarget "Pitch PerfectTests" */;
			buildPhases = (
				9CFD6DC61B34653B00C8F16D /* Sources */,
				9CFD6DC71B34653B00C8F16D /* Frameworks */,
				9CFD6DC81B34653B00C8F16D /* Resources */,
			);
			buildRules = (
			);
			dependencies = (
				9CFD6DCC1B34653B00C8F16D /* PBXTargetDependency */,
			);
			name = "Pitch PerfectTests";
			productName = "Pitch PerfectTests";
			productReference = 9CFD6DCA1B34653B00C8F16D /* Pitch PerfectTests.xctest */;
			productType = "com.apple.product-type.bundle.unit-test";
		};
/* End PBXNativeTarget section */

/* Begin PBXProject section */
		9CFD6DAD1B34653B00C8F16D /* Project object */ = {
			isa = PBXProject;
			attributes = {
				LastUpgradeCheck = 0620;
				ORGANIZATIONNAME = "Ricky Dunlop";
				TargetAttributes = {
					9CFD6DB41B34653B00C8F16D = {
						CreatedOnToolsVersion = 6.2;
						DevelopmentTeam = R3E9B9V37V;
					};
					9CFD6DC91B34653B00C8F16D = {
						CreatedOnToolsVersion = 6.2;
						TestTargetID = 9CFD6DB41B34653B00C8F16D;
					};
				};
			};
			buildConfigurationList = 9CFD6DB01B34653B00C8F16D /* Build configuration list for PBXProject "Pitch Perfect" */;
			compatibilityVersion = "Xcode 3.2";
			developmentRegion = English;
			hasScannedForEncodings = 0;
			knownRegions = (
				en,
				Base,
			);
			mainGroup = 9CFD6DAC1B34653B00C8F16D;
			productRefGroup = 9CFD6DB61B34653B00C8F16D /* Products */;
			projectDirPath = "";
			projectRoot = "";
			targets = (
				9CFD6DB41B34653B00C8F16D /* Pitch Perfect */,
				9CFD6DC91B34653B00C8F16D /* Pitch PerfectTests */,
			);
		};
/* End PBXProject section */

/* Begin PBXResourcesBuildPhase section */
		9CFD6DB31B34653B00C8F16D /* Resources */ = {
			isa = PBXResourcesBuildPhase;
			buildActionMask = 2147483647;
			files = (
				9CFD6DC01B34653B00C8F16D /* Main.storyboard in Resources */,
				9CFD6DC51B34653B00C8F16D /* LaunchScreen.xib in Resources */,
				9CFD6DC21B34653B00C8F16D /* Images.xcassets in Resources */,
			);
			runOnlyForDeploymentPostprocessing = 0;
		};
		9CFD6DC81B34653B00C8F16D /* Resources */ = {
			isa = PBXResourcesBuildPhase;
			buildActionMask = 2147483647;
			files = (
			);
			runOnlyForDeploymentPostprocessing = 0;
		};
/* End PBXResourcesBuildPhase section */

/* Begin PBXSourcesBuildPhase section */
		9CFD6DB11B34653B00C8F16D /* Sources */ = {
			isa = PBXSourcesBuildPhase;
			buildActionMask = 2147483647;
			files = (
				9CFD6DDF1B396CF500C8F16D /* RecordedAudio.swift in Sources */,
				9CFD6DBD1B34653B00C8F16D /* RecordSoundsViewController.swift in Sources */,
				9CFD6DDB1B384CA000C8F16D /* PlaySoundsViewController.swift in Sources */,
				9CFD6DBB1B34653B00C8F16D /* AppDelegate.swift in Sources */,
			);
			runOnlyForDeploymentPostprocessing = 0;
		};
		9CFD6DC61B34653B00C8F16D /* Sources */ = {
			isa = PBXSourcesBuildPhase;
			buildActionMask = 2147483647;
			files = (
				9CFD6DD11B34653B00C8F16D /* Pitch_PerfectTests.swift in Sources */,
			);
			runOnlyForDeploymentPostprocessing = 0;
		};
/* End PBXSourcesBuildPhase section */

/* Begin PBXTargetDependency section */
		9CFD6DCC1B34653B00C8F16D /* PBXTargetDependency */ = {
			isa = PBXTargetDependency;
			target = 9CFD6DB41B34653B00C8F16D /* Pitch Perfect */;
			targetProxy = 9CFD6DCB1B34653B00C8F16D /* PBXContainerItemProxy */;
		};
/* End PBXTargetDependency section */

/* Begin PBXVariantGroup section */
		9CFD6DBE1B34653B00C8F16D /* Main.storyboard */ = {
			isa = PBXVariantGroup;
			children = (
				9CFD6DBF1B34653B00C8F16D /* Base */,
			);
			name = Main.storyboard;
			sourceTree = "<group>";
		};
		9CFD6DC31B34653B00C8F16D /* LaunchScreen.xib */ = {
			isa = PBXVariantGroup;
			children = (
				9CFD6DC41B34653B00C8F16D /* Base */,
			);
			name = LaunchScreen.xib;
			sourceTree = "<group>";
		};
/* End PBXVariantGroup section */

/* Begin XCBuildConfiguration section */
		9CFD6DD21B34653B00C8F16D /* Debug */ = {
			isa = XCBuildConfiguration;
			buildSettings = {
				ALWAYS_SEARCH_USER_PATHS = NO;
				CLANG_CXX_LANGUAGE_STANDARD = "gnu++0x";
				CLANG_CXX_LIBRARY = "libc++";
				CLANG_ENABLE_MODULES = YES;
				CLANG_ENABLE_OBJC_ARC = YES;
				CLANG_WARN_BOOL_CONVERSION = YES;
				CLANG_WARN_CONSTANT_CONVERSION = YES;
				CLANG_WARN_DIRECT_OBJC_ISA_USAGE = YES_ERROR;
				CLANG_WARN_EMPTY_BODY = YES;
				CLANG_WARN_ENUM_CONVERSION = YES;
				CLANG_WARN_INT_CONVERSION = YES;
				CLANG_WARN_OBJC_ROOT_CLASS = YES_ERROR;
				CLANG_WARN_UNREACHABLE_CODE = YES;
				CLANG_WARN__DUPLICATE_METHOD_MATCH = YES;
				"CODE_SIGN_IDENTITY[sdk=iphoneos*]" = "iPhone Developer";
				COPY_PHASE_STRIP = NO;
				ENABLE_STRICT_OBJC_MSGSEND = YES;
				GCC_C_LANGUAGE_STANDARD = gnu99;
				GCC_DYNAMIC_NO_PIC = NO;
				GCC_OPTIMIZATION_LEVEL = 0;
				GCC_PREPROCESSOR_DEFINITIONS = (
					"DEBUG=1",
					"$(inherited)",
				);
				GCC_SYMBOLS_PRIVATE_EXTERN = NO;
				GCC_WARN_64_TO_32_BIT_CONVERSION = YES;
				GCC_WARN_ABOUT_RETURN_TYPE = YES_ERROR;
				GCC_WARN_UNDECLARED_SELECTOR = YES;
				GCC_WARN_UNINITIALIZED_AUTOS = YES_AGGRESSIVE;
				GCC_WARN_UNUSED_FUNCTION = YES;
				GCC_WARN_UNUSED_VARIABLE = YES;
				IPHONEOS_DEPLOYMENT_TARGET = 8.2;
				MTL_ENABLE_DEBUG_INFO = YES;
				ONLY_ACTIVE_ARCH = YES;
				SDKROOT = iphoneos;
				SWIFT_OPTIMIZATION_LEVEL = "-Onone";
			};
			name = Debug;
		};
		9CFD6DD31B34653B00C8F16D /* Release */ = {
			isa = XCBuildConfiguration;
			buildSettings = {
				ALWAYS_SEARCH_USER_PATHS = NO;
				CLANG_CXX_LANGUAGE_STANDARD = "gnu++0x";
				CLANG_CXX_LIBRARY = "libc++";
				CLANG_ENABLE_MODULES = YES;
				CLANG_ENABLE_OBJC_ARC = YES;
				CLANG_WARN_BOOL_CONVERSION = YES;
				CLANG_WARN_CONSTANT_CONVERSION = YES;
				CLANG_WARN_DIRECT_OBJC_ISA_USAGE = YES_ERROR;
				CLANG_WARN_EMPTY_BODY = YES;
				CLANG_WARN_ENUM_CONVERSION = YES;
				CLANG_WARN_INT_CONVERSION = YES;
				CLANG_WARN_OBJC_ROOT_CLASS = YES_ERROR;
				CLANG_WARN_UNREACHABLE_CODE = YES;
				CLANG_WARN__DUPLICATE_METHOD_MATCH = YES;
				"CODE_SIGN_IDENTITY[sdk=iphoneos*]" = "iPhone Developer";
				COPY_PHASE_STRIP = NO;
				ENABLE_NS_ASSERTIONS = NO;
				ENABLE_STRICT_OBJC_MSGSEND = YES;
				GCC_C_LANGUAGE_STANDARD = gnu99;
				GCC_WARN_64_TO_32_BIT_CONVERSION = YES;
				GCC_WARN_ABOUT_RETURN_TYPE = YES_ERROR;
				GCC_WARN_UNDECLARED_SELECTOR = YES;
				GCC_WARN_UNINITIALIZED_AUTOS = YES_AGGRESSIVE;
				GCC_WARN_UNUSED_FUNCTION = YES;
				GCC_WARN_UNUSED_VARIABLE = YES;
				IPHONEOS_DEPLOYMENT_TARGET = 8.2;
				MTL_ENABLE_DEBUG_INFO = NO;
				SDKROOT = iphoneos;
				VALIDATE_PRODUCT = YES;
			};
			name = Release;
		};
		9CFD6DD51B34653B00C8F16D /* Debug */ = {
			isa = XCBuildConfiguration;
			buildSettings = {
				ASSETCATALOG_COMPILER_APPICON_NAME = AppIcon;
				CODE_SIGN_IDENTITY = "iPhone Developer";
				"CODE_SIGN_IDENTITY[sdk=iphoneos*]" = "iPhone Developer";
				INFOPLIST_FILE = "Pitch Perfect/Info.plist";
				LD_RUNPATH_SEARCH_PATHS = "$(inherited) @executable_path/Frameworks";
				PRODUCT_NAME = "$(TARGET_NAME)";
				PROVISIONING_PROFILE = "";
			};
			name = Debug;
		};
		9CFD6DD61B34653B00C8F16D /* Release */ = {
			isa = XCBuildConfiguration;
			buildSettings = {
				ASSETCATALOG_COMPILER_APPICON_NAME = AppIcon;
				CODE_SIGN_IDENTITY = "iPhone Developer";
				"CODE_SIGN_IDENTITY[sdk=iphoneos*]" = "iPhone Developer";
				INFOPLIST_FILE = "Pitch Perfect/Info.plist";
				LD_RUNPATH_SEARCH_PATHS = "$(inherited) @executable_path/Frameworks";
				PRODUCT_NAME = "$(TARGET_NAME)";
				PROVISIONING_PROFILE = "";
			};
			name = Release;
		};
		9CFD6DD81B34653B00C8F16D /* Debug */ = {
			isa = XCBuildConfiguration;
			buildSettings = {
				BUNDLE_LOADER = "$(TEST_HOST)";
				FRAMEWORK_SEARCH_PATHS = (
					"$(SDKROOT)/Developer/Library/Frameworks",
					"$(inherited)",
				);
				GCC_PREPROCESSOR_DEFINITIONS = (
					"DEBUG=1",
					"$(inherited)",
				);
				INFOPLIST_FILE = "Pitch PerfectTests/Info.plist";
				LD_RUNPATH_SEARCH_PATHS = "$(inherited) @executable_path/Frameworks @loader_path/Frameworks";
				PRODUCT_NAME = "$(TARGET_NAME)";
				TEST_HOST = "$(BUILT_PRODUCTS_DIR)/Pitch Perfect.app/Pitch Perfect";
			};
			name = Debug;
		};
		9CFD6DD91B34653B00C8F16D /* Release */ = {
			isa = XCBuildConfiguration;
			buildSettings = {
				BUNDLE_LOADER = "$(TEST_HOST)";
				FRAMEWORK_SEARCH_PATHS = (
					"$(SDKROOT)/Developer/Library/Frameworks",
					"$(inherited)",
				);
				INFOPLIST_FILE = "Pitch PerfectTests/Info.plist";
				LD_RUNPATH_SEARCH_PATHS = "$(inherited) @executable_path/Frameworks @loader_path/Frameworks";
				PRODUCT_NAME = "$(TARGET_NAME)";
				TEST_HOST = "$(BUILT_PRODUCTS_DIR)/Pitch Perfect.app/Pitch Perfect";
			};
			name = Release;
		};
/* End XCBuildConfiguration section */

/* Begin XCConfigurationList section */
		9CFD6DB01B34653B00C8F16D /* Build configuration list for PBXProject "Pitch Perfect" */ = {
			isa = XCConfigurationList;
			buildConfigurations = (
				9CFD6DD21B34653B00C8F16D /* Debug */,
				9CFD6DD31B34653B00C8F16D /* Release */,
			);
			defaultConfigurationIsVisible = 0;
			defaultConfigurationName = Release;
		};
		9CFD6DD41B34653B00C8F16D /* Build configuration list for PBXNativeTarget "Pitch Perfect" */ = {
			isa = XCConfigurationList;
			buildConfigurations = (
				9CFD6DD51B34653B00C8F16D /* Debug */,
				9CFD6DD61B34653B00C8F16D /* Release */,
			);
			defaultConfigurationIsVisible = 0;
			defaultConfigurationName = Release;
		};
		9CFD6DD71B34653B00C8F16D /* Build configuration list for PBXNativeTarget "Pitch PerfectTests" */ = {
			isa = XCConfigurationList;
			buildConfigurations = (
				9CFD6DD81B34653B00C8F16D /* Debug */,
				9CFD6DD91B34653B00C8F16D /* Release */,
			);
			defaultConfigurationIsVisible = 0;
			defaultConfigurationName = Release;
		};
/* End XCConfigurationList section */
	};
	rootObject = 9CFD6DAD1B34653B00C8F16D /* Project object */;
}
